
Microsoft Visual Studio Solution File, Format Version 9.00
# Visual Studio 2005
Project("{63DC7CB7-83FB-4B6D-C655-859FF96DFB5D}") = "contourlegend", "contourlegend.vcproj", "{A1B1F2E4-EC11-ACE6-8F54-0C8B17974D3C}"
EndProject
Global
	GlobalSection(SolutionConfigurationPlatforms) = preSolution
		Debug|Win32 = Debug|Win32
		Release|Win32 = Release|Win32
	EndGlobalSection
	GlobalSection(ProjectConfigurationPlatforms) = postSolution
		{A1B1F2E4-EC11-ACE6-8F54-0C8B17974D3C}.Debug|Win32.ActiveCfg = Debug|Win32
		{A1B1F2E4-EC11-ACE6-8F54-0C8B17974D3C}.Debug|Win32.Build.0 = Debug|Win32
		{A1B1F2E4-EC11-ACE6-8F54-0C8B17974D3C}.Release|Win32.ActiveCfg = Release|Win32
		{A1B1F2E4-EC11-ACE6-8F54-0C8B17974D3C}.Release|Win32.Build.0 = Release|Win32
	EndGlobalSection
	GlobalSection(SolutionProperties) = preSolution
		HideSolutionNode = FALSE
	EndGlobalSection
EndGlobal
