
Microsoft Visual Studio Solution File, Format Version 9.00
# Visual Studio 2005
Project("{C0528304-2E3F-E98A-94B0-9A257DBDCFB0}") = "colorsemicirclemeter", "colorsemicirclemeter.vcproj", "{09985552-E1B2-C1E6-7845-843D3CCB783C}"
EndProject
Global
	GlobalSection(SolutionConfigurationPlatforms) = preSolution
		Debug|Win32 = Debug|Win32
		Release|Win32 = Release|Win32
	EndGlobalSection
	GlobalSection(ProjectConfigurationPlatforms) = postSolution
		{09985552-E1B2-C1E6-7845-843D3CCB783C}.Debug|Win32.ActiveCfg = Debug|Win32
		{09985552-E1B2-C1E6-7845-843D3CCB783C}.Debug|Win32.Build.0 = Debug|Win32
		{09985552-E1B2-C1E6-7845-843D3CCB783C}.Release|Win32.ActiveCfg = Release|Win32
		{09985552-E1B2-C1E6-7845-843D3CCB783C}.Release|Win32.Build.0 = Release|Win32
	EndGlobalSection
	GlobalSection(SolutionProperties) = preSolution
		HideSolutionNode = FALSE
	EndGlobalSection
EndGlobal
