<?xml version="1.0" encoding="utf-8"?>
<Project ToolsVersion="4.0" xmlns="http://schemas.microsoft.com/developer/msbuild/2003">
  <ItemGroup>
    <Filter Include="Source Files">
      <UniqueIdentifier>{ed316712-730e-4146-9216-89078f435689}</UniqueIdentifier>
      <Extensions>cpp;c;cxx;rc;def;r;odl;idl;hpj;bat</Extensions>
    </Filter>
    <Filter Include="Header Files">
      <UniqueIdentifier>{662d862b-2a10-4ecc-bad4-ed95c8a21b07}</UniqueIdentifier>
      <Extensions>h;hpp;hxx;hm;inl</Extensions>
    </Filter>
    <Filter Include="Resource Files">
      <UniqueIdentifier>{b5b55d96-e0dd-48ae-a1a5-38947be448a7}</UniqueIdentifier>
      <Extensions>ico;cur;bmp;dlg;rc2;rct;bin;rgs;gif;jpg;jpeg;jpe</Extensions>
    </Filter>
  </ItemGroup>
  <ItemGroup>
    <ClCompile Include="ChartViewer.cpp">
      <Filter>Source Files</Filter>
    </ClCompile>
    <ClCompile Include="stdafx.cpp">
      <Filter>Source Files</Filter>
    </ClCompile>
    <ClCompile Include="zoomscrolltrack2.cpp">
      <Filter>Source Files</Filter>
    </ClCompile>
    <ClCompile Include="zoomscrolltrack2Dlg.cpp">
      <Filter>Source Files</Filter>
    </ClCompile>
  </ItemGroup>
  <ItemGroup>
    <ResourceCompile Include="zoomscrolltrack2.rc">
      <Filter>Source Files</Filter>
    </ResourceCompile>
  </ItemGroup>
  <ItemGroup>
    <ClInclude Include="ChartViewer.h">
      <Filter>Header Files</Filter>
    </ClInclude>
    <ClInclude Include="Resource.h">
      <Filter>Header Files</Filter>
    </ClInclude>
    <ClInclude Include="stdafx.h">
      <Filter>Header Files</Filter>
    </ClInclude>
    <ClInclude Include="zoomscrolltrack2.h">
      <Filter>Header Files</Filter>
    </ClInclude>
    <ClInclude Include="zoomscrolltrack2Dlg.h">
      <Filter>Header Files</Filter>
    </ClInclude>
  </ItemGroup>
  <ItemGroup>
    <None Include="res\pointerPB.ico">
      <Filter>Resource Files</Filter>
    </None>
    <None Include="res\zoomInPB.ico">
      <Filter>Resource Files</Filter>
    </None>
    <None Include="res\zoomOutPB.ico">
      <Filter>Resource Files</Filter>
    </None>
    <None Include="res\zoomscrolltrack2.ico">
      <Filter>Resource Files</Filter>
    </None>
    <None Include="res\zoomscrolltrack2.rc2">
      <Filter>Resource Files</Filter>
    </None>
  </ItemGroup>
</Project>