
Microsoft Visual Studio Solution File, Format Version 9.00
# Visual Studio 2005
Project("{011D245B-E09B-2EB0-3C47-76DFDBD74EC3}") = "fourq", "fourq.vcproj", "{3ACC449B-0B79-6EB7-D277-5B537099C255}"
EndProject
Global
	GlobalSection(SolutionConfigurationPlatforms) = preSolution
		Debug|Win32 = Debug|Win32
		Release|Win32 = Release|Win32
	EndGlobalSection
	GlobalSection(ProjectConfigurationPlatforms) = postSolution
		{3ACC449B-0B79-6EB7-D277-5B537099C255}.Debug|Win32.ActiveCfg = Debug|Win32
		{3ACC449B-0B79-6EB7-D277-5B537099C255}.Debug|Win32.Build.0 = Debug|Win32
		{3ACC449B-0B79-6EB7-D277-5B537099C255}.Release|Win32.ActiveCfg = Release|Win32
		{3ACC449B-0B79-6EB7-D277-5B537099C255}.Release|Win32.Build.0 = Release|Win32
	EndGlobalSection
	GlobalSection(SolutionProperties) = preSolution
		HideSolutionNode = FALSE
	EndGlobalSection
EndGlobal
