
Microsoft Visual Studio Solution File, Format Version 9.00
# Visual Studio 2005
Project("{2B0A3021-9C69-01AB-E1FE-F94EB20C9315}") = "circlelabelpie", "circlelabelpie.vcproj", "{BE6E3D70-2CE7-0342-885A-1F11440BE4E9}"
EndProject
Global
	GlobalSection(SolutionConfigurationPlatforms) = preSolution
		Debug|Win32 = Debug|Win32
		Release|Win32 = Release|Win32
	EndGlobalSection
	GlobalSection(ProjectConfigurationPlatforms) = postSolution
		{BE6E3D70-2CE7-0342-885A-1F11440BE4E9}.Debug|Win32.ActiveCfg = Debug|Win32
		{BE6E3D70-2CE7-0342-885A-1F11440BE4E9}.Debug|Win32.Build.0 = Debug|Win32
		{BE6E3D70-2CE7-0342-885A-1F11440BE4E9}.Release|Win32.ActiveCfg = Release|Win32
		{BE6E3D70-2CE7-0342-885A-1F11440BE4E9}.Release|Win32.Build.0 = Release|Win32
	EndGlobalSection
	GlobalSection(SolutionProperties) = preSolution
		HideSolutionNode = FALSE
	EndGlobalSection
EndGlobal
