
Microsoft Visual Studio Solution File, Format Version 9.00
# Visual Studio 2005
Project("{8B85A66A-ACAC-D900-7B96-964297AE84B7}") = "hlinearmeterorientation", "hlinearmeterorientation.vcproj", "{D7A8D1C5-0316-6C90-6A73-3801E936C31E}"
EndProject
Global
	GlobalSection(SolutionConfigurationPlatforms) = preSolution
		Debug|Win32 = Debug|Win32
		Release|Win32 = Release|Win32
	EndGlobalSection
	GlobalSection(ProjectConfigurationPlatforms) = postSolution
		{D7A8D1C5-0316-6C90-6A73-3801E936C31E}.Debug|Win32.ActiveCfg = Debug|Win32
		{D7A8D1C5-0316-6C90-6A73-3801E936C31E}.Debug|Win32.Build.0 = Debug|Win32
		{D7A8D1C5-0316-6C90-6A73-3801E936C31E}.Release|Win32.ActiveCfg = Release|Win32
		{D7A8D1C5-0316-6C90-6A73-3801E936C31E}.Release|Win32.Build.0 = Release|Win32
	EndGlobalSection
	GlobalSection(SolutionProperties) = preSolution
		HideSolutionNode = FALSE
	EndGlobalSection
EndGlobal
