
Microsoft Visual Studio Solution File, Format Version 9.00
# Visual Studio 2005
Project("{B59181DF-9EBA-BC23-5618-E75521F50CD2}") = "threedscatteraxis", "threedscatteraxis.vcproj", "{6A8D2433-01F6-5129-F3C2-7470E8F9D0A5}"
EndProject
Global
	GlobalSection(SolutionConfigurationPlatforms) = preSolution
		Debug|Win32 = Debug|Win32
		Release|Win32 = Release|Win32
	EndGlobalSection
	GlobalSection(ProjectConfigurationPlatforms) = postSolution
		{6A8D2433-01F6-5129-F3C2-7470E8F9D0A5}.Debug|Win32.ActiveCfg = Debug|Win32
		{6A8D2433-01F6-5129-F3C2-7470E8F9D0A5}.Debug|Win32.Build.0 = Debug|Win32
		{6A8D2433-01F6-5129-F3C2-7470E8F9D0A5}.Release|Win32.ActiveCfg = Release|Win32
		{6A8D2433-01F6-5129-F3C2-7470E8F9D0A5}.Release|Win32.Build.0 = Release|Win32
	EndGlobalSection
	GlobalSection(SolutionProperties) = preSolution
		HideSolutionNode = FALSE
	EndGlobalSection
EndGlobal
