
Microsoft Visual Studio Solution File, Format Version 9.00
# Visual Studio 2005
Project("{AB1D9CE8-6E9B-E593-3E15-425FA50E36F3}") = "whitesemicirclemeter", "whitesemicirclemeter.vcproj", "{D8F50361-B58A-B9A0-71E6-68377B442D16}"
EndProject
Global
	GlobalSection(SolutionConfigurationPlatforms) = preSolution
		Debug|Win32 = Debug|Win32
		Release|Win32 = Release|Win32
	EndGlobalSection
	GlobalSection(ProjectConfigurationPlatforms) = postSolution
		{D8F50361-B58A-B9A0-71E6-68377B442D16}.Debug|Win32.ActiveCfg = Debug|Win32
		{D8F50361-B58A-B9A0-71E6-68377B442D16}.Debug|Win32.Build.0 = Debug|Win32
		{D8F50361-B58A-B9A0-71E6-68377B442D16}.Release|Win32.ActiveCfg = Release|Win32
		{D8F50361-B58A-B9A0-71E6-68377B442D16}.Release|Win32.Build.0 = Release|Win32
	EndGlobalSection
	GlobalSection(SolutionProperties) = preSolution
		HideSolutionNode = FALSE
	EndGlobalSection
EndGlobal
