
Microsoft Visual Studio Solution File, Format Version 9.00
# Visual Studio 2005
Project("{8DCF7D9A-206E-BDBA-10A4-54A09B3DA8FF}") = "surfaceshading", "surfaceshading.vcproj", "{CFD9B2EC-AC45-C63F-4674-FEDA65090763}"
EndProject
Global
	GlobalSection(SolutionConfigurationPlatforms) = preSolution
		Debug|Win32 = Debug|Win32
		Release|Win32 = Release|Win32
	EndGlobalSection
	GlobalSection(ProjectConfigurationPlatforms) = postSolution
		{CFD9B2EC-AC45-C63F-4674-FEDA65090763}.Debug|Win32.ActiveCfg = Debug|Win32
		{CFD9B2EC-AC45-C63F-4674-FEDA65090763}.Debug|Win32.Build.0 = Debug|Win32
		{CFD9B2EC-AC45-C63F-4674-FEDA65090763}.Release|Win32.ActiveCfg = Release|Win32
		{CFD9B2EC-AC45-C63F-4674-FEDA65090763}.Release|Win32.Build.0 = Release|Win32
	EndGlobalSection
	GlobalSection(SolutionProperties) = preSolution
		HideSolutionNode = FALSE
	EndGlobalSection
EndGlobal
