
Microsoft Visual Studio Solution File, Format Version 9.00
# Visual Studio 2005
Project("{92A10484-7F21-9DF1-0717-2E359533AD64}") = "gradientbar", "gradientbar.vcproj", "{8C1D255E-320B-7647-C339-5D93BFEAA9B1}"
EndProject
Global
	GlobalSection(SolutionConfigurationPlatforms) = preSolution
		Debug|Win32 = Debug|Win32
		Release|Win32 = Release|Win32
	EndGlobalSection
	GlobalSection(ProjectConfigurationPlatforms) = postSolution
		{8C1D255E-320B-7647-C339-5D93BFEAA9B1}.Debug|Win32.ActiveCfg = Debug|Win32
		{8C1D255E-320B-7647-C339-5D93BFEAA9B1}.Debug|Win32.Build.0 = Debug|Win32
		{8C1D255E-320B-7647-C339-5D93BFEAA9B1}.Release|Win32.ActiveCfg = Release|Win32
		{8C1D255E-320B-7647-C339-5D93BFEAA9B1}.Release|Win32.Build.0 = Release|Win32
	EndGlobalSection
	GlobalSection(SolutionProperties) = preSolution
		HideSolutionNode = FALSE
	EndGlobalSection
EndGlobal
