<?xml version="1.0" encoding="utf-8"?>
<Project ToolsVersion="4.0" xmlns="http://schemas.microsoft.com/developer/msbuild/2003">
  <ItemGroup>
    <Filter Include="Source Files">
      <UniqueIdentifier>{427b907b-79e0-46e5-81c8-69344ae9949e}</UniqueIdentifier>
      <Extensions>cpp;c;cxx;rc;def;r;odl;idl;hpj;bat</Extensions>
    </Filter>
    <Filter Include="Header Files">
      <UniqueIdentifier>{5138a4bd-7510-49f8-a13b-3acaa622852e}</UniqueIdentifier>
      <Extensions>h;hpp;hxx;hm;inl</Extensions>
    </Filter>
    <Filter Include="Resource Files">
      <UniqueIdentifier>{f7e4f7d8-6291-4eef-8ef6-d1ee86f28d6d}</UniqueIdentifier>
      <Extensions>ico;cur;bmp;dlg;rc2;rct;bin;rgs;gif;jpg;jpeg;jpe</Extensions>
    </Filter>
  </ItemGroup>
  <ItemGroup>
    <ClCompile Include="ChartViewer.cpp">
      <Filter>Source Files</Filter>
    </ClCompile>
    <ClCompile Include="HotSpotDlg.cpp">
      <Filter>Source Files</Filter>
    </ClCompile>
    <ClCompile Include="stdafx.cpp">
      <Filter>Source Files</Filter>
    </ClCompile>
    <ClCompile Include="xyzoomscroll.cpp">
      <Filter>Source Files</Filter>
    </ClCompile>
    <ClCompile Include="xyzoomscrollDlg.cpp">
      <Filter>Source Files</Filter>
    </ClCompile>
  </ItemGroup>
  <ItemGroup>
    <ResourceCompile Include="xyzoomscroll.rc">
      <Filter>Source Files</Filter>
    </ResourceCompile>
  </ItemGroup>
  <ItemGroup>
    <ClInclude Include="ChartViewer.h">
      <Filter>Header Files</Filter>
    </ClInclude>
    <ClInclude Include="HotSpotDlg.h">
      <Filter>Header Files</Filter>
    </ClInclude>
    <ClInclude Include="Resource.h">
      <Filter>Header Files</Filter>
    </ClInclude>
    <ClInclude Include="stdafx.h">
      <Filter>Header Files</Filter>
    </ClInclude>
    <ClInclude Include="xyzoomscroll.h">
      <Filter>Header Files</Filter>
    </ClInclude>
    <ClInclude Include="xyzoomscrollDlg.h">
      <Filter>Header Files</Filter>
    </ClInclude>
  </ItemGroup>
  <ItemGroup>
    <None Include="res\pointerPB.ico">
      <Filter>Resource Files</Filter>
    </None>
    <None Include="res\savePB.ico">
      <Filter>Resource Files</Filter>
    </None>
    <None Include="res\xyzoomscroll.ico">
      <Filter>Resource Files</Filter>
    </None>
    <None Include="res\xyzoomscroll.rc2">
      <Filter>Resource Files</Filter>
    </None>
    <None Include="res\zoomInPB.ico">
      <Filter>Resource Files</Filter>
    </None>
    <None Include="res\zoomOutPB.ico">
      <Filter>Resource Files</Filter>
    </None>
  </ItemGroup>
</Project>