
Microsoft Visual Studio Solution File, Format Version 9.00
# Visual Studio 2005
Project("{4E38595A-5EE2-FA04-FA91-DF8FD39DD3BC}") = "concentric", "concentric.vcproj", "{3B7C841C-7062-19A2-213C-A7F47D53EC52}"
EndProject
Global
	GlobalSection(SolutionConfigurationPlatforms) = preSolution
		Debug|Win32 = Debug|Win32
		Release|Win32 = Release|Win32
	EndGlobalSection
	GlobalSection(ProjectConfigurationPlatforms) = postSolution
		{3B7C841C-7062-19A2-213C-A7F47D53EC52}.Debug|Win32.ActiveCfg = Debug|Win32
		{3B7C841C-7062-19A2-213C-A7F47D53EC52}.Debug|Win32.Build.0 = Debug|Win32
		{3B7C841C-7062-19A2-213C-A7F47D53EC52}.Release|Win32.ActiveCfg = Release|Win32
		{3B7C841C-7062-19A2-213C-A7F47D53EC52}.Release|Win32.Build.0 = Release|Win32
	EndGlobalSection
	GlobalSection(SolutionProperties) = preSolution
		HideSolutionNode = FALSE
	EndGlobalSection
EndGlobal
