
Microsoft Visual Studio Solution File, Format Version 9.00
# Visual Studio 2005
Project("{131B5D2A-0D18-17FF-C12A-E1DF14A33A3D}") = "scattersurface", "scattersurface.vcproj", "{DF554589-8F73-D67D-8C03-425AB4281171}"
EndProject
Global
	GlobalSection(SolutionConfigurationPlatforms) = preSolution
		Debug|Win32 = Debug|Win32
		Release|Win32 = Release|Win32
	EndGlobalSection
	GlobalSection(ProjectConfigurationPlatforms) = postSolution
		{DF554589-8F73-D67D-8C03-425AB4281171}.Debug|Win32.ActiveCfg = Debug|Win32
		{DF554589-8F73-D67D-8C03-425AB4281171}.Debug|Win32.Build.0 = Debug|Win32
		{DF554589-8F73-D67D-8C03-425AB4281171}.Release|Win32.ActiveCfg = Release|Win32
		{DF554589-8F73-D67D-8C03-425AB4281171}.Release|Win32.Build.0 = Release|Win32
	EndGlobalSection
	GlobalSection(SolutionProperties) = preSolution
		HideSolutionNode = FALSE
	EndGlobalSection
EndGlobal
