<?xml version="1.0" encoding="utf-8"?>
<Project ToolsVersion="4.0" xmlns="http://schemas.microsoft.com/developer/msbuild/2003">
  <ItemGroup>
    <Filter Include="Source Files">
      <UniqueIdentifier>{e8bb5a9e-2446-4904-8130-0e7c83758ea3}</UniqueIdentifier>
      <Extensions>cpp;c;cxx;rc;def;r;odl;idl;hpj;bat</Extensions>
    </Filter>
    <Filter Include="Header Files">
      <UniqueIdentifier>{c7e48417-7778-4e67-9c40-2760ef64a6d1}</UniqueIdentifier>
      <Extensions>h;hpp;hxx;hm;inl</Extensions>
    </Filter>
    <Filter Include="Resource Files">
      <UniqueIdentifier>{69b4d544-678d-4e40-a6e4-7145fe123708}</UniqueIdentifier>
      <Extensions>ico;cur;bmp;dlg;rc2;rct;bin;rgs;gif;jpg;jpeg;jpe</Extensions>
    </Filter>
  </ItemGroup>
  <ItemGroup>
    <ClCompile Include="ChartViewer.cpp">
      <Filter>Source Files</Filter>
    </ClCompile>
    <ClCompile Include="simplezoomscroll.cpp">
      <Filter>Source Files</Filter>
    </ClCompile>
    <ClCompile Include="simplezoomscrollDlg.cpp">
      <Filter>Source Files</Filter>
    </ClCompile>
    <ClCompile Include="stdafx.cpp">
      <Filter>Source Files</Filter>
    </ClCompile>
  </ItemGroup>
  <ItemGroup>
    <ResourceCompile Include="simplezoomscroll.rc">
      <Filter>Source Files</Filter>
    </ResourceCompile>
  </ItemGroup>
  <ItemGroup>
    <ClInclude Include="ChartViewer.h">
      <Filter>Header Files</Filter>
    </ClInclude>
    <ClInclude Include="Resource.h">
      <Filter>Header Files</Filter>
    </ClInclude>
    <ClInclude Include="simplezoomscroll.h">
      <Filter>Header Files</Filter>
    </ClInclude>
    <ClInclude Include="simplezoomscrollDlg.h">
      <Filter>Header Files</Filter>
    </ClInclude>
    <ClInclude Include="stdafx.h">
      <Filter>Header Files</Filter>
    </ClInclude>
  </ItemGroup>
  <ItemGroup>
    <None Include="res\pointerPB.ico">
      <Filter>Resource Files</Filter>
    </None>
    <None Include="res\simplezoomscroll.ico">
      <Filter>Resource Files</Filter>
    </None>
    <None Include="res\simplezoomscroll.rc2">
      <Filter>Resource Files</Filter>
    </None>
    <None Include="res\zoomInPB.ico">
      <Filter>Resource Files</Filter>
    </None>
    <None Include="res\zoomOutPB.ico">
      <Filter>Resource Files</Filter>
    </None>
  </ItemGroup>
</Project>