
Microsoft Visual Studio Solution File, Format Version 9.00
# Visual Studio 2005
Project("{2F9C5914-2342-E8B6-AB7A-D94E57BAD8AF}") = "logaxis", "logaxis.vcproj", "{74872298-9B3D-737C-9E91-DE90A653B80B}"
EndProject
Global
	GlobalSection(SolutionConfigurationPlatforms) = preSolution
		Debug|Win32 = Debug|Win32
		Release|Win32 = Release|Win32
	EndGlobalSection
	GlobalSection(ProjectConfigurationPlatforms) = postSolution
		{74872298-9B3D-737C-9E91-DE90A653B80B}.Debug|Win32.ActiveCfg = Debug|Win32
		{74872298-9B3D-737C-9E91-DE90A653B80B}.Debug|Win32.Build.0 = Debug|Win32
		{74872298-9B3D-737C-9E91-DE90A653B80B}.Release|Win32.ActiveCfg = Release|Win32
		{74872298-9B3D-737C-9E91-DE90A653B80B}.Release|Win32.Build.0 = Release|Win32
	EndGlobalSection
	GlobalSection(SolutionProperties) = preSolution
		HideSolutionNode = FALSE
	EndGlobalSection
EndGlobal
