
Microsoft Visual Studio Solution File, Format Version 9.00
# Visual Studio 2005
Project("{716BC304-7230-051D-0B7D-A14CE71D1E03}") = "errline", "errline.vcproj", "{8BF2FA82-3D7A-BC24-2B1A-D7E352F1994B}"
EndProject
Global
	GlobalSection(SolutionConfigurationPlatforms) = preSolution
		Debug|Win32 = Debug|Win32
		Release|Win32 = Release|Win32
	EndGlobalSection
	GlobalSection(ProjectConfigurationPlatforms) = postSolution
		{8BF2FA82-3D7A-BC24-2B1A-D7E352F1994B}.Debug|Win32.ActiveCfg = Debug|Win32
		{8BF2FA82-3D7A-BC24-2B1A-D7E352F1994B}.Debug|Win32.Build.0 = Debug|Win32
		{8BF2FA82-3D7A-BC24-2B1A-D7E352F1994B}.Release|Win32.ActiveCfg = Release|Win32
		{8BF2FA82-3D7A-BC24-2B1A-D7E352F1994B}.Release|Win32.Build.0 = Release|Win32
	EndGlobalSection
	GlobalSection(SolutionProperties) = preSolution
		HideSolutionNode = FALSE
	EndGlobalSection
EndGlobal
