
Microsoft Visual Studio Solution File, Format Version 9.00
# Visual Studio 2005
Project("{1716B359-BAA1-BA7E-771F-17EFFA7CEB9D}") = "gapbar", "gapbar.vcproj", "{8C18EFA6-774B-77F1-A902-B75BE6DCAAA8}"
EndProject
Global
	GlobalSection(SolutionConfigurationPlatforms) = preSolution
		Debug|Win32 = Debug|Win32
		Release|Win32 = Release|Win32
	EndGlobalSection
	GlobalSection(ProjectConfigurationPlatforms) = postSolution
		{8C18EFA6-774B-77F1-A902-B75BE6DCAAA8}.Debug|Win32.ActiveCfg = Debug|Win32
		{8C18EFA6-774B-77F1-A902-B75BE6DCAAA8}.Debug|Win32.Build.0 = Debug|Win32
		{8C18EFA6-774B-77F1-A902-B75BE6DCAAA8}.Release|Win32.ActiveCfg = Release|Win32
		{8C18EFA6-774B-77F1-A902-B75BE6DCAAA8}.Release|Win32.Build.0 = Release|Win32
	EndGlobalSection
	GlobalSection(SolutionProperties) = preSolution
		HideSolutionNode = FALSE
	EndGlobalSection
EndGlobal
