
Microsoft Visual Studio Solution File, Format Version 9.00
# Visual Studio 2005
Project("{E2FC5B17-4363-F4CC-B746-62A02E76BCBC}") = "smoothcontour", "smoothcontour.vcproj", "{9CFD007E-DEBC-3AEC-F825-0D7415876175}"
EndProject
Global
	GlobalSection(SolutionConfigurationPlatforms) = preSolution
		Debug|Win32 = Debug|Win32
		Release|Win32 = Release|Win32
	EndGlobalSection
	GlobalSection(ProjectConfigurationPlatforms) = postSolution
		{9CFD007E-DEBC-3AEC-F825-0D7415876175}.Debug|Win32.ActiveCfg = Debug|Win32
		{9CFD007E-DEBC-3AEC-F825-0D7415876175}.Debug|Win32.Build.0 = Debug|Win32
		{9CFD007E-DEBC-3AEC-F825-0D7415876175}.Release|Win32.ActiveCfg = Release|Win32
		{9CFD007E-DEBC-3AEC-F825-0D7415876175}.Release|Win32.Build.0 = Release|Win32
	EndGlobalSection
	GlobalSection(SolutionProperties) = preSolution
		HideSolutionNode = FALSE
	EndGlobalSection
EndGlobal
