<?xml version="1.0" encoding="utf-8"?>
<Project ToolsVersion="4.0" xmlns="http://schemas.microsoft.com/developer/msbuild/2003">
  <ItemGroup>
    <Filter Include="Source Files">
      <UniqueIdentifier>{564f4f07-4273-46f3-a143-7cf531d658c6}</UniqueIdentifier>
      <Extensions>cpp;c;cxx;rc;def;r;odl;idl;hpj;bat</Extensions>
    </Filter>
    <Filter Include="Header Files">
      <UniqueIdentifier>{b23a3e57-a1f1-43ad-b4d5-bfadc7e17859}</UniqueIdentifier>
      <Extensions>h;hpp;hxx;hm;inl</Extensions>
    </Filter>
    <Filter Include="Resource Files">
      <UniqueIdentifier>{4261ad97-fa6e-4ade-a34d-a8b5a79b9d61}</UniqueIdentifier>
      <Extensions>ico;cur;bmp;dlg;rc2;rct;bin;rgs;gif;jpg;jpeg;jpe</Extensions>
    </Filter>
  </ItemGroup>
  <ItemGroup>
    <ClCompile Include="ChartViewer.cpp">
      <Filter>Source Files</Filter>
    </ClCompile>
    <ClCompile Include="realtimedemo.cpp">
      <Filter>Source Files</Filter>
    </ClCompile>
    <ClCompile Include="realtimedemoDlg.cpp">
      <Filter>Source Files</Filter>
    </ClCompile>
    <ClCompile Include="stdafx.cpp">
      <Filter>Source Files</Filter>
    </ClCompile>
  </ItemGroup>
  <ItemGroup>
    <ResourceCompile Include="realtimedemo.rc">
      <Filter>Source Files</Filter>
    </ResourceCompile>
  </ItemGroup>
  <ItemGroup>
    <ClInclude Include="ChartViewer.h">
      <Filter>Header Files</Filter>
    </ClInclude>
    <ClInclude Include="realtimedemo.h">
      <Filter>Header Files</Filter>
    </ClInclude>
    <ClInclude Include="realtimedemoDlg.h">
      <Filter>Header Files</Filter>
    </ClInclude>
    <ClInclude Include="Resource.h">
      <Filter>Header Files</Filter>
    </ClInclude>
    <ClInclude Include="stdafx.h">
      <Filter>Header Files</Filter>
    </ClInclude>
  </ItemGroup>
  <ItemGroup>
    <None Include="res\freezePB.ico">
      <Filter>Resource Files</Filter>
    </None>
    <None Include="res\realtimedemo.ico">
      <Filter>Resource Files</Filter>
    </None>
    <None Include="res\realtimedemo.rc2">
      <Filter>Resource Files</Filter>
    </None>
    <None Include="res\runPB.ico">
      <Filter>Resource Files</Filter>
    </None>
  </ItemGroup>
</Project>