
Microsoft Visual Studio Solution File, Format Version 9.00
# Visual Studio 2005
Project("{08031446-A24D-A9BF-8F15-69FB709BAC41}") = "legendpie2", "legendpie2.vcproj", "{84BE7348-3E2F-AA83-EE0E-9032DAE7665B}"
EndProject
Global
	GlobalSection(SolutionConfigurationPlatforms) = preSolution
		Debug|Win32 = Debug|Win32
		Release|Win32 = Release|Win32
	EndGlobalSection
	GlobalSection(ProjectConfigurationPlatforms) = postSolution
		{84BE7348-3E2F-AA83-EE0E-9032DAE7665B}.Debug|Win32.ActiveCfg = Debug|Win32
		{84BE7348-3E2F-AA83-EE0E-9032DAE7665B}.Debug|Win32.Build.0 = Debug|Win32
		{84BE7348-3E2F-AA83-EE0E-9032DAE7665B}.Release|Win32.ActiveCfg = Release|Win32
		{84BE7348-3E2F-AA83-EE0E-9032DAE7665B}.Release|Win32.Build.0 = Release|Win32
	EndGlobalSection
	GlobalSection(SolutionProperties) = preSolution
		HideSolutionNode = FALSE
	EndGlobalSection
EndGlobal
