
Microsoft Visual Studio Solution File, Format Version 9.00
# Visual Studio 2005
Project("{8AE9910C-C6C7-E122-D4E7-07CF97F800F5}") = "builtinsymbols", "builtinsymbols.vcproj", "{9A3A3D37-5242-889C-3AFE-448D0594CB80}"
EndProject
Global
	GlobalSection(SolutionConfigurationPlatforms) = preSolution
		Debug|Win32 = Debug|Win32
		Release|Win32 = Release|Win32
	EndGlobalSection
	GlobalSection(ProjectConfigurationPlatforms) = postSolution
		{9A3A3D37-5242-889C-3AFE-448D0594CB80}.Debug|Win32.ActiveCfg = Debug|Win32
		{9A3A3D37-5242-889C-3AFE-448D0594CB80}.Debug|Win32.Build.0 = Debug|Win32
		{9A3A3D37-5242-889C-3AFE-448D0594CB80}.Release|Win32.ActiveCfg = Release|Win32
		{9A3A3D37-5242-889C-3AFE-448D0594CB80}.Release|Win32.Build.0 = Release|Win32
	EndGlobalSection
	GlobalSection(SolutionProperties) = preSolution
		HideSolutionNode = FALSE
	EndGlobalSection
EndGlobal
