
Microsoft Visual Studio Solution File, Format Version 9.00
# Visual Studio 2005
Project("{8E609023-2A26-C2D8-0CFD-261558B01755}") = "threedscatter2", "threedscatter2.vcproj", "{E8568497-A511-2703-7C94-42DDEB7C82E4}"
EndProject
Global
	GlobalSection(SolutionConfigurationPlatforms) = preSolution
		Debug|Win32 = Debug|Win32
		Release|Win32 = Release|Win32
	EndGlobalSection
	GlobalSection(ProjectConfigurationPlatforms) = postSolution
		{E8568497-A511-2703-7C94-42DDEB7C82E4}.Debug|Win32.ActiveCfg = Debug|Win32
		{E8568497-A511-2703-7C94-42DDEB7C82E4}.Debug|Win32.Build.0 = Debug|Win32
		{E8568497-A511-2703-7C94-42DDEB7C82E4}.Release|Win32.ActiveCfg = Release|Win32
		{E8568497-A511-2703-7C94-42DDEB7C82E4}.Release|Win32.Build.0 = Release|Win32
	EndGlobalSection
	GlobalSection(SolutionProperties) = preSolution
		HideSolutionNode = FALSE
	EndGlobalSection
EndGlobal
