
Microsoft Visual Studio Solution File, Format Version 9.00
# Visual Studio 2005
Project("{DA4CC921-692F-8245-A7D6-77DE41E12A6A}") = "colorbar", "colorbar.vcproj", "{710D3C5D-CF6C-2DEB-AF03-CC9FEF20162B}"
EndProject
Global
	GlobalSection(SolutionConfigurationPlatforms) = preSolution
		Debug|Win32 = Debug|Win32
		Release|Win32 = Release|Win32
	EndGlobalSection
	GlobalSection(ProjectConfigurationPlatforms) = postSolution
		{710D3C5D-CF6C-2DEB-AF03-CC9FEF20162B}.Debug|Win32.ActiveCfg = Debug|Win32
		{710D3C5D-CF6C-2DEB-AF03-CC9FEF20162B}.Debug|Win32.Build.0 = Debug|Win32
		{710D3C5D-CF6C-2DEB-AF03-CC9FEF20162B}.Release|Win32.ActiveCfg = Release|Win32
		{710D3C5D-CF6C-2DEB-AF03-CC9FEF20162B}.Release|Win32.Build.0 = Release|Win32
	EndGlobalSection
	GlobalSection(SolutionProperties) = preSolution
		HideSolutionNode = FALSE
	EndGlobalSection
EndGlobal
