
Microsoft Visual Studio Solution File, Format Version 9.00
# Visual Studio 2005
Project("{5D7148C2-01F1-C070-B5CE-670389F08533}") = "depthbar", "depthbar.vcproj", "{19D60DF7-15D1-C197-17E3-30A58E5AC29B}"
EndProject
Global
	GlobalSection(SolutionConfigurationPlatforms) = preSolution
		Debug|Win32 = Debug|Win32
		Release|Win32 = Release|Win32
	EndGlobalSection
	GlobalSection(ProjectConfigurationPlatforms) = postSolution
		{19D60DF7-15D1-C197-17E3-30A58E5AC29B}.Debug|Win32.ActiveCfg = Debug|Win32
		{19D60DF7-15D1-C197-17E3-30A58E5AC29B}.Debug|Win32.Build.0 = Debug|Win32
		{19D60DF7-15D1-C197-17E3-30A58E5AC29B}.Release|Win32.ActiveCfg = Release|Win32
		{19D60DF7-15D1-C197-17E3-30A58E5AC29B}.Release|Win32.Build.0 = Release|Win32
	EndGlobalSection
	GlobalSection(SolutionProperties) = preSolution
		HideSolutionNode = FALSE
	EndGlobalSection
EndGlobal
