<?xml version="1.0" encoding="utf-8"?>
<Project ToolsVersion="4.0" xmlns="http://schemas.microsoft.com/developer/msbuild/2003">
  <ItemGroup>
    <Filter Include="Source Files">
      <UniqueIdentifier>{80cab432-cf10-4fd0-bf28-ac5ded5f1922}</UniqueIdentifier>
      <Extensions>cpp;c;cxx;rc;def;r;odl;idl;hpj;bat</Extensions>
    </Filter>
    <Filter Include="Header Files">
      <UniqueIdentifier>{32a2ad4f-3163-4f57-8585-927028813422}</UniqueIdentifier>
      <Extensions>h;hpp;hxx;hm;inl</Extensions>
    </Filter>
    <Filter Include="Resource Files">
      <UniqueIdentifier>{fa0ea810-3c1d-4a6c-a326-3953c7d2c6af}</UniqueIdentifier>
      <Extensions>ico;cur;bmp;dlg;rc2;rct;bin;rgs;gif;jpg;jpeg;jpe</Extensions>
    </Filter>
  </ItemGroup>
  <ItemGroup>
    <ClCompile Include="ChartViewer.cpp">
      <Filter>Source Files</Filter>
    </ClCompile>
    <ClCompile Include="stdafx.cpp">
      <Filter>Source Files</Filter>
    </ClCompile>
    <ClCompile Include="zoomscrolltrack.cpp">
      <Filter>Source Files</Filter>
    </ClCompile>
    <ClCompile Include="zoomscrolltrackDlg.cpp">
      <Filter>Source Files</Filter>
    </ClCompile>
  </ItemGroup>
  <ItemGroup>
    <ResourceCompile Include="zoomscrolltrack.rc">
      <Filter>Source Files</Filter>
    </ResourceCompile>
  </ItemGroup>
  <ItemGroup>
    <ClInclude Include="ChartViewer.h">
      <Filter>Header Files</Filter>
    </ClInclude>
    <ClInclude Include="Resource.h">
      <Filter>Header Files</Filter>
    </ClInclude>
    <ClInclude Include="stdafx.h">
      <Filter>Header Files</Filter>
    </ClInclude>
    <ClInclude Include="zoomscrolltrack.h">
      <Filter>Header Files</Filter>
    </ClInclude>
    <ClInclude Include="zoomscrolltrackDlg.h">
      <Filter>Header Files</Filter>
    </ClInclude>
  </ItemGroup>
  <ItemGroup>
    <None Include="res\pointerPB.ico">
      <Filter>Resource Files</Filter>
    </None>
    <None Include="res\zoomInPB.ico">
      <Filter>Resource Files</Filter>
    </None>
    <None Include="res\zoomOutPB.ico">
      <Filter>Resource Files</Filter>
    </None>
    <None Include="res\zoomscrolltrack.ico">
      <Filter>Resource Files</Filter>
    </None>
    <None Include="res\zoomscrolltrack.rc2">
      <Filter>Resource Files</Filter>
    </None>
  </ItemGroup>
</Project>