
Microsoft Visual Studio Solution File, Format Version 9.00
# Visual Studio 2005
Project("{8A6C47F4-D7E0-9C67-0B4F-6647C04BB7FC}") = "softmultibar", "softmultibar.vcproj", "{D3E168D6-BE2F-E306-1F2F-150D8B4F53FF}"
EndProject
Global
	GlobalSection(SolutionConfigurationPlatforms) = preSolution
		Debug|Win32 = Debug|Win32
		Release|Win32 = Release|Win32
	EndGlobalSection
	GlobalSection(ProjectConfigurationPlatforms) = postSolution
		{D3E168D6-BE2F-E306-1F2F-150D8B4F53FF}.Debug|Win32.ActiveCfg = Debug|Win32
		{D3E168D6-BE2F-E306-1F2F-150D8B4F53FF}.Debug|Win32.Build.0 = Debug|Win32
		{D3E168D6-BE2F-E306-1F2F-150D8B4F53FF}.Release|Win32.ActiveCfg = Release|Win32
		{D3E168D6-BE2F-E306-1F2F-150D8B4F53FF}.Release|Win32.Build.0 = Release|Win32
	EndGlobalSection
	GlobalSection(SolutionProperties) = preSolution
		HideSolutionNode = FALSE
	EndGlobalSection
EndGlobal
