
Microsoft Visual Studio Solution File, Format Version 9.00
# Visual Studio 2005
Project("{0FE57108-3F88-260B-13C3-B470B3F928F0}") = "rotatedarea", "rotatedarea.vcproj", "{90CD6AA4-BB6F-B0DC-4DC1-A5B148509A3B}"
EndProject
Global
	GlobalSection(SolutionConfigurationPlatforms) = preSolution
		Debug|Win32 = Debug|Win32
		Release|Win32 = Release|Win32
	EndGlobalSection
	GlobalSection(ProjectConfigurationPlatforms) = postSolution
		{90CD6AA4-BB6F-B0DC-4DC1-A5B148509A3B}.Debug|Win32.ActiveCfg = Debug|Win32
		{90CD6AA4-BB6F-B0DC-4DC1-A5B148509A3B}.Debug|Win32.Build.0 = Debug|Win32
		{90CD6AA4-BB6F-B0DC-4DC1-A5B148509A3B}.Release|Win32.ActiveCfg = Release|Win32
		{90CD6AA4-BB6F-B0DC-4DC1-A5B148509A3B}.Release|Win32.Build.0 = Release|Win32
	EndGlobalSection
	GlobalSection(SolutionProperties) = preSolution
		HideSolutionNode = FALSE
	EndGlobalSection
EndGlobal
